
Microsoft Visual Studio Solution File, Format Version 12.00
# Visual Studio Version 17
VisualStudioVersion = 17.0.31903.59
MinimumVisualStudioVersion = 10.0.40219.1
Project("{FAE04EC0-301F-11D3-BF4B-00C04F79EFBC}") = "AnswerLib", "AnswerLib\AnswerLib.csproj", "{8AC8C728-6FF4-462F-AEEB-F72D56D4EAB6}"
EndProject
Project("{FAE04EC0-301F-11D3-BF4B-00C04F79EFBC}") = "ConsoleApp", "ConsoleApp\ConsoleApp.csproj", "{8D8205F1-B6D0-4C9C-909B-EBDFCB8BA10C}"
EndProject
Project("{FAE04EC0-301F-11D3-BF4B-00C04F79EFBC}") = "SeventyFive", "SeventyFive\SeventyFive.csproj", "{22A89E8F-6734-4798-819C-B40EFFC26723}"
EndProject
Global
	GlobalSection(SolutionConfigurationPlatforms) = preSolution
		Debug|Any CPU = Debug|Any CPU
		Release|Any CPU = Release|Any CPU
	EndGlobalSection
	GlobalSection(SolutionProperties) = preSolution
		HideSolutionNode = FALSE
	EndGlobalSection
	GlobalSection(ProjectConfigurationPlatforms) = postSolution
		{8AC8C728-6FF4-462F-AEEB-F72D56D4EAB6}.Debug|Any CPU.ActiveCfg = Debug|Any CPU
		{8AC8C728-6FF4-462F-AEEB-F72D56D4EAB6}.Debug|Any CPU.Build.0 = Debug|Any CPU
		{8AC8C728-6FF4-462F-AEEB-F72D56D4EAB6}.Release|Any CPU.ActiveCfg = Release|Any CPU
		{8AC8C728-6FF4-462F-AEEB-F72D56D4EAB6}.Release|Any CPU.Build.0 = Release|Any CPU
		{8D8205F1-B6D0-4C9C-909B-EBDFCB8BA10C}.Debug|Any CPU.ActiveCfg = Debug|Any CPU
		{8D8205F1-B6D0-4C9C-909B-EBDFCB8BA10C}.Debug|Any CPU.Build.0 = Debug|Any CPU
		{8D8205F1-B6D0-4C9C-909B-EBDFCB8BA10C}.Release|Any CPU.ActiveCfg = Release|Any CPU
		{8D8205F1-B6D0-4C9C-909B-EBDFCB8BA10C}.Release|Any CPU.Build.0 = Release|Any CPU
		{22A89E8F-6734-4798-819C-B40EFFC26723}.Debug|Any CPU.ActiveCfg = Debug|Any CPU
		{22A89E8F-6734-4798-819C-B40EFFC26723}.Debug|Any CPU.Build.0 = Debug|Any CPU
		{22A89E8F-6734-4798-819C-B40EFFC26723}.Release|Any CPU.ActiveCfg = Release|Any CPU
		{22A89E8F-6734-4798-819C-B40EFFC26723}.Release|Any CPU.Build.0 = Release|Any CPU
	EndGlobalSection
EndGlobal
